{
  "name": "fuse",
  "version": "1.0.0",
  "lockfileVersion": 1,
  "requires": true,
  "dependencies": {
    "fuse.js": {
      "version": "5.0.10-beta",
      "resolved": "https://registry.npmjs.org/fuse.js/-/fuse.js-5.0.10-beta.tgz",
      "integrity": "sha512-/tZI6BiF4zToF1neZxOIa5YmSw6j5+3yJW/agoYUZBiaxHJk/ANBxafYDS/60Tvo3JQM2u/ceRvOgBmRYkv70A=="
    },
    "porter-stemmer": {
      "version": "0.9.1",
      "resolved": "https://registry.npmjs.org/porter-stemmer/-/porter-stemmer-0.9.1.tgz",
      "integrity": "sha1-oW7Oo6vkRySsiMFIACHqNrqiH5s="
    }
  }
}
